<Solution>
  <Folder Name="/src/">
    <Project Path="src/DataSpace.Core/DataSpace.Core.csproj" />
    <Project Path="src/DataSpace.Query/DataSpace.Query.csproj" />
    <Project Path="src/DataSpace.Storage/DataSpace.Storage.csproj" />
    <Project Path="src/DataSpace.Rendering/DataSpace.Rendering.csproj" />
    <Project Path="src/DataSpace.Controls/DataSpace.Controls.csproj" />
    <Project Path="src/DataSpace.DataSources/DataSpace.DataSources.csproj" />
    <Project Path="src/DataSpace.DataSources.Relational/DataSpace.DataSources.Relational.csproj" />
    <Project Path="src/DataSpace.Gateway/DataSpace.Gateway.csproj" />
    <Project Path="src/DataSpace.App/DataSpace.App.csproj" />
  </Folder>
  <Folder Name="/tests/">
    <Project Path="tests/DataSpace.DataSources.Tests/DataSpace.DataSources.Tests.csproj" />
    <Project Path="tests/DataSpace.Tests/DataSpace.Tests.csproj" />
  </Folder>
  <Folder Name="/benchmarks/">
    <Project Path="benchmarks/DataSpace.Benchmarks/DataSpace.Benchmarks.csproj" />
  </Folder>
</Solution>
